
Microsoft Visual Studio Solution File, Format Version 12.00
# Visual Studio Version 17
VisualStudioVersion = 17.14.36616.10 d17.14
MinimumVisualStudioVersion = 10.0.40219.1
Project("{FAE04EC0-301F-11D3-BF4B-00C04F79EFBC}") = "TicketDeTurno", "TicketDeTurno\TicketDeTurno.csproj", "{D5C308BD-1AAC-4151-89E9-3B0D06C48829}"
EndProject
Global
	GlobalSection(SolutionConfigurationPlatforms) = preSolution
		Debug|Any CPU = Debug|Any CPU
		Release|Any CPU = Release|Any CPU
	EndGlobalSection
	GlobalSection(ProjectConfigurationPlatforms) = postSolution
		{D5C308BD-1AAC-4151-89E9-3B0D06C48829}.Debug|Any CPU.ActiveCfg = Debug|Any CPU
		{D5C308BD-1AAC-4151-89E9-3B0D06C48829}.Debug|Any CPU.Build.0 = Debug|Any CPU
		{D5C308BD-1AAC-4151-89E9-3B0D06C48829}.Release|Any CPU.ActiveCfg = Release|Any CPU
		{D5C308BD-1AAC-4151-89E9-3B0D06C48829}.Release|Any CPU.Build.0 = Release|Any CPU
	EndGlobalSection
	GlobalSection(SolutionProperties) = preSolution
		HideSolutionNode = FALSE
	EndGlobalSection
	GlobalSection(ExtensibilityGlobals) = postSolution
		SolutionGuid = {18EA9FD3-F67D-48A5-9B87-ABB75EB39412}
	EndGlobalSection
EndGlobal
